
Microsoft Visual Studio Solution File, Format Version 12.00
# Visual Studio Version 16
VisualStudioVersion = 16.0.31624.102
MinimumVisualStudioVersion = 10.0.40219.1
Project("{FAE04EC0-301F-11D3-BF4B-00C04F79EFBC}") = "Typograf", "Typograf\Typograf.csproj", "{4C2D7864-74ED-4603-8351-BE6B8A16B73B}"
EndProject
Global
	GlobalSection(SolutionConfigurationPlatforms) = preSolution
		Debug|Any CPU = Debug|Any CPU
		Release|Any CPU = Release|Any CPU
	EndGlobalSection
	GlobalSection(ProjectConfigurationPlatforms) = postSolution
		{4C2D7864-74ED-4603-8351-BE6B8A16B73B}.Debug|Any CPU.ActiveCfg = Debug|Any CPU
		{4C2D7864-74ED-4603-8351-BE6B8A16B73B}.Debug|Any CPU.Build.0 = Debug|Any CPU
		{4C2D7864-74ED-4603-8351-BE6B8A16B73B}.Release|Any CPU.ActiveCfg = Release|Any CPU
		{4C2D7864-74ED-4603-8351-BE6B8A16B73B}.Release|Any CPU.Build.0 = Release|Any CPU
	EndGlobalSection
	GlobalSection(SolutionProperties) = preSolution
		HideSolutionNode = FALSE
	EndGlobalSection
	GlobalSection(ExtensibilityGlobals) = postSolution
		SolutionGuid = {F4F8D2EF-7237-4EA6-8272-91DA32457C9E}
	EndGlobalSection
EndGlobal
